
Microsoft Visual Studio Solution File, Format Version 12.00
# Visual Studio Version 17
VisualStudioVersion = 17.10.35004.147
MinimumVisualStudioVersion = 10.0.40219.1
Project("{FAE04EC0-301F-11D3-BF4B-00C04F79EFBC}") = "EF01", "EF01\EF01.csproj", "{614B0D59-C43D-49EF-A441-EB2A707BCAD3}"
EndProject
Global
	GlobalSection(SolutionConfigurationPlatforms) = preSolution
		Debug|Any CPU = Debug|Any CPU
		Release|Any CPU = Release|Any CPU
	EndGlobalSection
	GlobalSection(ProjectConfigurationPlatforms) = postSolution
		{614B0D59-C43D-49EF-A441-EB2A707BCAD3}.Debug|Any CPU.ActiveCfg = Debug|Any CPU
		{614B0D59-C43D-49EF-A441-EB2A707BCAD3}.Debug|Any CPU.Build.0 = Debug|Any CPU
		{614B0D59-C43D-49EF-A441-EB2A707BCAD3}.Release|Any CPU.ActiveCfg = Release|Any CPU
		{614B0D59-C43D-49EF-A441-EB2A707BCAD3}.Release|Any CPU.Build.0 = Release|Any CPU
	EndGlobalSection
	GlobalSection(SolutionProperties) = preSolution
		HideSolutionNode = FALSE
	EndGlobalSection
	GlobalSection(ExtensibilityGlobals) = postSolution
		SolutionGuid = {DF481408-725E-4829-8379-6D1B68AE4484}
	EndGlobalSection
EndGlobal
